// !$*UTF8*$!
{
	archiveVersion = 1;
	classes = {
	};
	objectVersion = 56;
	objects = {

/* Begin PBXBuildFile section */
		FD1D90832B4590E200B6F034 /* AppDelegate.swift in Sources */ = {isa = PBXBuildFile; fileRef = FD1D90822B4590E200B6F034 /* AppDelegate.swift */; };
		FD1D90852B4590E200B6F034 /* SceneDelegate.swift in Sources */ = {isa = PBXBuildFile; fileRef = FD1D90842B4590E200B6F034 /* SceneDelegate.swift */; };
		FD1D908A2B4590E200B6F034 /* Main.storyboard in Resources */ = {isa = PBXBuildFile; fileRef = FD1D90882B4590E200B6F034 /* Main.storyboard */; };
		FD1D908C2B4590E400B6F034 /* Assets.xcassets in Resources */ = {isa = PBXBuildFile; fileRef = FD1D908B2B4590E400B6F034 /* Assets.xcassets */; };
		FD1D908F2B4590E400B6F034 /* LaunchScreen.storyboard in Resources */ = {isa = PBXBuildFile; fileRef = FD1D908D2B4590E400B6F034 /* LaunchScreen.storyboard */; };
		FD1D909A2B4590E400B6F034 /* AppleClockProjectTests.swift in Sources */ = {isa = PBXBuildFile; fileRef = FD1D90992B4590E400B6F034 /* AppleClockProjectTests.swift */; };
		FD1D90A42B4590E400B6F034 /* AppleClockProjectUITests.swift in Sources */ = {isa = PBXBuildFile; fileRef = FD1D90A32B4590E400B6F034 /* AppleClockProjectUITests.swift */; };
		FD1D90A62B4590E400B6F034 /* AppleClockProjectUITestsLaunchTests.swift in Sources */ = {isa = PBXBuildFile; fileRef = FD1D90A52B4590E400B6F034 /* AppleClockProjectUITestsLaunchTests.swift */; };
/* End PBXBuildFile section */

/* Begin PBXContainerItemProxy section */
		FD1D90962B4590E400B6F034 /* PBXContainerItemProxy */ = {
			isa = PBXContainerItemProxy;
			containerPortal = FD1D90772B4590E200B6F034 /* Project object */;
			proxyType = 1;
			remoteGlobalIDString = FD1D907E2B4590E200B6F034;
			remoteInfo = AppleClockProject;
		};
		FD1D90A02B4590E400B6F034 /* PBXContainerItemProxy */ = {
			isa = PBXContainerItemProxy;
			containerPortal = FD1D90772B4590E200B6F034 /* Project object */;
			proxyType = 1;
			remoteGlobalIDString = FD1D907E2B4590E200B6F034;
			remoteInfo = AppleClockProject;
		};
/* End PBXContainerItemProxy section */

/* Begin PBXFileReference section */
		FD1D907F2B4590E200B6F034 /* AppleClockProject.app */ = {isa = PBXFileReference; explicitFileType = wrapper.application; includeInIndex = 0; path = AppleClockProject.app; sourceTree = BUILT_PRODUCTS_DIR; };
		FD1D90822B4590E200B6F034 /* AppDelegate.swift */ = {isa = PBXFileReference; lastKnownFileType = sourcecode.swift; path = AppDelegate.swift; sourceTree = "<group>"; };
		FD1D90842B4590E200B6F034 /* SceneDelegate.swift */ = {isa = PBXFileReference; lastKnownFileType = sourcecode.swift; path = SceneDelegate.swift; sourceTree = "<group>"; };
		FD1D90892B4590E200B6F034 /* Base */ = {isa = PBXFileReference; lastKnownFileType = file.storyboard; name = Base; path = Base.lproj/Main.storyboard; sourceTree = "<group>"; };
		FD1D908B2B4590E400B6F034 /* Assets.xcassets */ = {isa = PBXFileReference; lastKnownFileType = folder.assetcatalog; path = Assets.xcassets; sourceTree = "<group>"; };
		FD1D908E2B4590E400B6F034 /* Base */ = {isa = PBXFileReference; lastKnownFileType = file.storyboard; name = Base; path = Base.lproj/LaunchScreen.storyboard; sourceTree = "<group>"; };
		FD1D90902B4590E400B6F034 /* Info.plist */ = {isa = PBXFileReference; lastKnownFileType = text.plist.xml; path = Info.plist; sourceTree = "<group>"; };
		FD1D90952B4590E400B6F034 /* AppleClockProjectTests.xctest */ = {isa = PBXFileReference; explicitFileType = wrapper.cfbundle; includeInIndex = 0; path = AppleClockProjectTests.xctest; sourceTree = BUILT_PRODUCTS_DIR; };
		FD1D90992B4590E400B6F034 /* AppleClockProjectTests.swift */ = {isa = PBXFileReference; lastKnownFileType = sourcecode.swift; path = AppleClockProjectTests.swift; sourceTree = "<group>"; };
		FD1D909F2B4590E400B6F034 /* AppleClockProjectUITests.xctest */ = {isa = PBXFileReference; explicitFileType = wrapper.cfbundle; includeInIndex = 0; path = AppleClockProjectUITests.xctest; sourceTree = BUILT_PRODUCTS_DIR; };
		FD1D90A32B4590E400B6F034 /* AppleClockProjectUITests.swift */ = {isa = PBXFileReference; lastKnownFileType = sourcecode.swift; path = AppleClockProjectUITests.swift; sourceTree = "<group>"; };
		FD1D90A52B4590E400B6F034 /* AppleClockProjectUITestsLaunchTests.swift */ = {isa = PBXFileReference; lastKnownFileType = sourcecode.swift; path = AppleClockProjectUITestsLaunchTests.swift; sourceTree = "<group>"; };
/* End PBXFileReference section */

/* Begin PBXFrameworksBuildPhase section */
		FD1D907C2B4590E200B6F034 /* Frameworks */ = {
			isa = PBXFrameworksBuildPhase;
			buildActionMask = 2147483647;
			files = (
			);
			runOnlyForDeploymentPostprocessing = 0;
		};
		FD1D90922B4590E400B6F034 /* Frameworks */ = {
			isa = PBXFrameworksBuildPhase;
			buildActionMask = 2147483647;
			files = (
			);
			runOnlyForDeploymentPostprocessing = 0;
		};
		FD1D909C2B4590E400B6F034 /* Frameworks */ = {
			isa = PBXFrameworksBuildPhase;
			buildActionMask = 2147483647;
			files = (
			);
			runOnlyForDeploymentPostprocessing = 0;
		};
/* End PBXFrameworksBuildPhase section */

/* Begin PBXGroup section */
		FD1D90762B4590E200B6F034 = {
			isa = PBXGroup;
			children = (
				FD1D90812B4590E200B6F034 /* AppleClockProject */,
				FD1D90982B4590E400B6F034 /* AppleClockProjectTests */,
				FD1D90A22B4590E400B6F034 /* AppleClockProjectUITests */,
				FD1D90802B4590E200B6F034 /* Products */,
			);
			sourceTree = "<group>";
		};
		FD1D90802B4590E200B6F034 /* Products */ = {
			isa = PBXGroup;
			children = (
				FD1D907F2B4590E200B6F034 /* AppleClockProject.app */,
				FD1D90952B4590E400B6F034 /* AppleClockProjectTests.xctest */,
				FD1D909F2B4590E400B6F034 /* AppleClockProjectUITests.xctest */,
			);
			name = Products;
			sourceTree = "<group>";
		};
		FD1D90812B4590E200B6F034 /* AppleClockProject */ = {
			isa = PBXGroup;
			children = (
				FD1D90822B4590E200B6F034 /* AppDelegate.swift */,
				FD1D90842B4590E200B6F034 /* SceneDelegate.swift */,
				FD1D90882B4590E200B6F034 /* Main.storyboard */,
				FD1D908B2B4590E400B6F034 /* Assets.xcassets */,
				FD1D908D2B4590E400B6F034 /* LaunchScreen.storyboard */,
				FD1D90902B4590E400B6F034 /* Info.plist */,
			);
			path = AppleClockProject;
			sourceTree = "<group>";
		};
		FD1D90982B4590E400B6F034 /* AppleClockProjectTests */ = {
			isa = PBXGroup;
			children = (
				FD1D90992B4590E400B6F034 /* AppleClockProjectTests.swift */,
			);
			path = AppleClockProjectTests;
			sourceTree = "<group>";
		};
		FD1D90A22B4590E400B6F034 /* AppleClockProjectUITests */ = {
			isa = PBXGroup;
			children = (
				FD1D90A32B4590E400B6F034 /* AppleClockProjectUITests.swift */,
				FD1D90A52B4590E400B6F034 /* AppleClockProjectUITestsLaunchTests.swift */,
			);
			path = AppleClockProjectUITests;
			sourceTree = "<group>";
		};
/* End PBXGroup section */

/* Begin PBXNativeTarget section */
		FD1D907E2B4590E200B6F034 /* AppleClockProject */ = {
			isa = PBXNativeTarget;
			buildConfigurationList = FD1D90A92B4590E400B6F034 /* Build configuration list for PBXNativeTarget "AppleClockProject" */;
			buildPhases = (
				FD1D907B2B4590E200B6F034 /* Sources */,
				FD1D907C2B4590E200B6F034 /* Frameworks */,
				FD1D907D2B4590E200B6F034 /* Resources */,
			);
			buildRules = (
			);
			dependencies = (
			);
			name = AppleClockProject;
			productName = AppleClockProject;
			productReference = FD1D907F2B4590E200B6F034 /* AppleClockProject.app */;
			productType = "com.apple.product-type.application";
		};
		FD1D90942B4590E400B6F034 /* AppleClockProjectTests */ = {
			isa = PBXNativeTarget;
			buildConfigurationList = FD1D90AC2B4590E400B6F034 /* Build configuration list for PBXNativeTarget "AppleClockProjectTests" */;
			buildPhases = (
				FD1D90912B4590E400B6F034 /* Sources */,
				FD1D90922B4590E400B6F034 /* Frameworks */,
				FD1D90932B4590E400B6F034 /* Resources */,
			);
			buildRules = (
			);
			dependencies = (
				FD1D90972B4590E400B6F034 /* PBXTargetDependency */,
			);
			name = AppleClockProjectTests;
			productName = AppleClockProjectTests;
			productReference = FD1D90952B4590E400B6F034 /* AppleClockProjectTests.xctest */;
			productType = "com.apple.product-type.bundle.unit-test";
		};
		FD1D909E2B4590E400B6F034 /* AppleClockProjectUITests */ = {
			isa = PBXNativeTarget;
			buildConfigurationList = FD1D90AF2B4590E400B6F034 /* Build configuration list for PBXNativeTarget "AppleClockProjectUITests" */;
			buildPhases = (
				FD1D909B2B4590E400B6F034 /* Sources */,
				FD1D909C2B4590E400B6F034 /* Frameworks */,
				FD1D909D2B4590E400B6F034 /* Resources */,
			);
			buildRules = (
			);
			dependencies = (
				FD1D90A12B4590E400B6F034 /* PBXTargetDependency */,
			);
			name = AppleClockProjectUITests;
			productName = AppleClockProjectUITests;
			productReference = FD1D909F2B4590E400B6F034 /* AppleClockProjectUITests.xctest */;
			productType = "com.apple.product-type.bundle.ui-testing";
		};
/* End PBXNativeTarget section */

/* Begin PBXProject section */
		FD1D90772B4590E200B6F034 /* Project object */ = {
			isa = PBXProject;
			attributes = {
				BuildIndependentTargetsInParallel = 1;
				LastSwiftUpdateCheck = 1430;
				LastUpgradeCheck = 1430;
				TargetAttributes = {
					FD1D907E2B4590E200B6F034 = {
						CreatedOnToolsVersion = 14.3.1;
					};
					FD1D90942B4590E400B6F034 = {
						CreatedOnToolsVersion = 14.3.1;
						TestTargetID = FD1D907E2B4590E200B6F034;
					};
					FD1D909E2B4590E400B6F034 = {
						CreatedOnToolsVersion = 14.3.1;
						TestTargetID = FD1D907E2B4590E200B6F034;
					};
				};
			};
			buildConfigurationList = FD1D907A2B4590E200B6F034 /* Build configuration list for PBXProject "AppleClockProject" */;
			compatibilityVersion = "Xcode 14.0";
			developmentRegion = en;
			hasScannedForEncodings = 0;
			knownRegions = (
				en,
				Base,
			);
			mainGroup = FD1D90762B4590E200B6F034;
			productRefGroup = FD1D90802B4590E200B6F034 /* Products */;
			projectDirPath = "";
			projectRoot = "";
			targets = (
				FD1D907E2B4590E200B6F034 /* AppleClockProject */,
				FD1D90942B4590E400B6F034 /* AppleClockProjectTests */,
				FD1D909E2B4590E400B6F034 /* AppleClockProjectUITests */,
			);
		};
/* End PBXProject section */

/* Begin PBXResourcesBuildPhase section */
		FD1D907D2B4590E200B6F034 /* Resources */ = {
			isa = PBXResourcesBuildPhase;
			buildActionMask = 2147483647;
			files = (
				FD1D908F2B4590E400B6F034 /* LaunchScreen.storyboard in Resources */,
				FD1D908C2B4590E400B6F034 /* Assets.xcassets in Resources */,
				FD1D908A2B4590E200B6F034 /* Main.storyboard in Resources */,
			);
			runOnlyForDeploymentPostprocessing = 0;
		};
		FD1D90932B4590E400B6F034 /* Resources */ = {
			isa = PBXResourcesBuildPhase;
			buildActionMask = 2147483647;
			files = (
			);
			runOnlyForDeploymentPostprocessing = 0;
		};
		FD1D909D2B4590E400B6F034 /* Resources */ = {
			isa = PBXResourcesBuildPhase;
			buildActionMask = 2147483647;
			files = (
			);
			runOnlyForDeploymentPostprocessing = 0;
		};
/* End PBXResourcesBuildPhase section */

/* Begin PBXSourcesBuildPhase section */
		FD1D907B2B4590E200B6F034 /* Sources */ = {
			isa = PBXSourcesBuildPhase;
			buildActionMask = 2147483647;
			files = (
				FD1D90832B4590E200B6F034 /* AppDelegate.swift in Sources */,
				FD1D90852B4590E200B6F034 /* SceneDelegate.swift in Sources */,
			);
			runOnlyForDeploymentPostprocessing = 0;
		};
		FD1D90912B4590E400B6F034 /* Sources */ = {
			isa = PBXSourcesBuildPhase;
			buildActionMask = 2147483647;
			files = (
				FD1D909A2B4590E400B6F034 /* AppleClockProjectTests.swift in Sources */,
			);
			runOnlyForDeploymentPostprocessing = 0;
		};
		FD1D909B2B4590E400B6F034 /* Sources */ = {
			isa = PBXSourcesBuildPhase;
			buildActionMask = 2147483647;
			files = (
				FD1D90A62B4590E400B6F034 /* AppleClockProjectUITestsLaunchTests.swift in Sources */,
				FD1D90A42B4590E400B6F034 /* AppleClockProjectUITests.swift in Sources */,
			);
			runOnlyForDeploymentPostprocessing = 0;
		};
/* End PBXSourcesBuildPhase section */

/* Begin PBXTargetDependency section */
		FD1D90972B4590E400B6F034 /* PBXTargetDependency */ = {
			isa = PBXTargetDependency;
			target = FD1D907E2B4590E200B6F034 /* AppleClockProject */;
			targetProxy = FD1D90962B4590E400B6F034 /* PBXContainerItemProxy */;
		};
		FD1D90A12B4590E400B6F034 /* PBXTargetDependency */ = {
			isa = PBXTargetDependency;
			target = FD1D907E2B4590E200B6F034 /* AppleClockProject */;
			targetProxy = FD1D90A02B4590E400B6F034 /* PBXContainerItemProxy */;
		};
/* End PBXTargetDependency section */

/* Begin PBXVariantGroup section */
		FD1D90882B4590E200B6F034 /* Main.storyboard */ = {
			isa = PBXVariantGroup;
			children = (
				FD1D90892B4590E200B6F034 /* Base */,
			);
			name = Main.storyboard;
			sourceTree = "<group>";
		};
		FD1D908D2B4590E400B6F034 /* LaunchScreen.storyboard */ = {
			isa = PBXVariantGroup;
			children = (
				FD1D908E2B4590E400B6F034 /* Base */,
			);
			name = LaunchScreen.storyboard;
			sourceTree = "<group>";
		};
/* End PBXVariantGroup section */

/* Begin XCBuildConfiguration section */
		FD1D90A72B4590E400B6F034 /* Debug */ = {
			isa = XCBuildConfiguration;
			buildSettings = {
				ALWAYS_SEARCH_USER_PATHS = NO;
				CLANG_ANALYZER_NONNULL = YES;
				CLANG_ANALYZER_NUMBER_OBJECT_CONVERSION = YES_AGGRESSIVE;
				CLANG_CXX_LANGUAGE_STANDARD = "gnu++20";
				CLANG_ENABLE_MODULES = YES;
				CLANG_ENABLE_OBJC_ARC = YES;
				CLANG_ENABLE_OBJC_WEAK = YES;
				CLANG_WARN_BLOCK_CAPTURE_AUTORELEASING = YES;
				CLANG_WARN_BOOL_CONVERSION = YES;
				CLANG_WARN_COMMA = YES;
				CLANG_WARN_CONSTANT_CONVERSION = YES;
				CLANG_WARN_DEPRECATED_OBJC_IMPLEMENTATIONS = YES;
				CLANG_WARN_DIRECT_OBJC_ISA_USAGE = YES_ERROR;
				CLANG_WARN_DOCUMENTATION_COMMENTS = YES;
				CLANG_WARN_EMPTY_BODY = YES;
				CLANG_WARN_ENUM_CONVERSION = YES;
				CLANG_WARN_INFINITE_RECURSION = YES;
				CLANG_WARN_INT_CONVERSION = YES;
				CLANG_WARN_NON_LITERAL_NULL_CONVERSION = YES;
				CLANG_WARN_OBJC_IMPLICIT_RETAIN_SELF = YES;
				CLANG_WARN_OBJC_LITERAL_CONVERSION = YES;
				CLANG_WARN_OBJC_ROOT_CLASS = YES_ERROR;
				CLANG_WARN_QUOTED_INCLUDE_IN_FRAMEWORK_HEADER = YES;
				CLANG_WARN_RANGE_LOOP_ANALYSIS = YES;
				CLANG_WARN_STRICT_PROTOTYPES = YES;
				CLANG_WARN_SUSPICIOUS_MOVE = YES;
				CLANG_WARN_UNGUARDED_AVAILABILITY = YES_AGGRESSIVE;
				CLANG_WARN_UNREACHABLE_CODE = YES;
				CLANG_WARN__DUPLICATE_METHOD_MATCH = YES;
				COPY_PHASE_STRIP = NO;
				DEBUG_INFORMATION_FORMAT = dwarf;
				ENABLE_STRICT_OBJC_MSGSEND = YES;
				ENABLE_TESTABILITY = YES;
				GCC_C_LANGUAGE_STANDARD = gnu11;
				GCC_DYNAMIC_NO_PIC = NO;
				GCC_NO_COMMON_BLOCKS = YES;
				GCC_OPTIMIZATION_LEVEL = 0;
				GCC_PREPROCESSOR_DEFINITIONS = (
					"DEBUG=1",
					"$(inherited)",
				);
				GCC_WARN_64_TO_32_BIT_CONVERSION = YES;
				GCC_WARN_ABOUT_RETURN_TYPE = YES_ERROR;
				GCC_WARN_UNDECLARED_SELECTOR = YES;
				GCC_WARN_UNINITIALIZED_AUTOS = YES_AGGRESSIVE;
				GCC_WARN_UNUSED_FUNCTION = YES;
				GCC_WARN_UNUSED_VARIABLE = YES;
				IPHONEOS_DEPLOYMENT_TARGET = 16.4;
				MTL_ENABLE_DEBUG_INFO = INCLUDE_SOURCE;
				MTL_FAST_MATH = YES;
				ONLY_ACTIVE_ARCH = YES;
				SDKROOT = iphoneos;
				SWIFT_ACTIVE_COMPILATION_CONDITIONS = DEBUG;
				SWIFT_OPTIMIZATION_LEVEL = "-Onone";
			};
			name = Debug;
		};
		FD1D90A82B4590E400B6F034 /* Release */ = {
			isa = XCBuildConfiguration;
			buildSettings = {
				ALWAYS_SEARCH_USER_PATHS = NO;
				CLANG_ANALYZER_NONNULL = YES;
				CLANG_ANALYZER_NUMBER_OBJECT_CONVERSION = YES_AGGRESSIVE;
				CLANG_CXX_LANGUAGE_STANDARD = "gnu++20";
				CLANG_ENABLE_MODULES = YES;
				CLANG_ENABLE_OBJC_ARC = YES;
				CLANG_ENABLE_OBJC_WEAK = YES;
				CLANG_WARN_BLOCK_CAPTURE_AUTORELEASING = YES;
				CLANG_WARN_BOOL_CONVERSION = YES;
				CLANG_WARN_COMMA = YES;
				CLANG_WARN_CONSTANT_CONVERSION = YES;
				CLANG_WARN_DEPRECATED_OBJC_IMPLEMENTATIONS = YES;
				CLANG_WARN_DIRECT_OBJC_ISA_USAGE = YES_ERROR;
				CLANG_WARN_DOCUMENTATION_COMMENTS = YES;
				CLANG_WARN_EMPTY_BODY = YES;
				CLANG_WARN_ENUM_CONVERSION = YES;
				CLANG_WARN_INFINITE_RECURSION = YES;
				CLANG_WARN_INT_CONVERSION = YES;
				CLANG_WARN_NON_LITERAL_NULL_CONVERSION = YES;
				CLANG_WARN_OBJC_IMPLICIT_RETAIN_SELF = YES;
				CLANG_WARN_OBJC_LITERAL_CONVERSION = YES;
				CLANG_WARN_OBJC_ROOT_CLASS = YES_ERROR;
				CLANG_WARN_QUOTED_INCLUDE_IN_FRAMEWORK_HEADER = YES;
				CLANG_WARN_RANGE_LOOP_ANALYSIS = YES;
				CLANG_WARN_STRICT_PROTOTYPES = YES;
				CLANG_WARN_SUSPICIOUS_MOVE = YES;
				CLANG_WARN_UNGUARDED_AVAILABILITY = YES_AGGRESSIVE;
				CLANG_WARN_UNREACHABLE_CODE = YES;
				CLANG_WARN__DUPLICATE_METHOD_MATCH = YES;
				COPY_PHASE_STRIP = NO;
				DEBUG_INFORMATION_FORMAT = "dwarf-with-dsym";
				ENABLE_NS_ASSERTIONS = NO;
				ENABLE_STRICT_OBJC_MSGSEND = YES;
				GCC_C_LANGUAGE_STANDARD = gnu11;
				GCC_NO_COMMON_BLOCKS = YES;
				GCC_WARN_64_TO_32_BIT_CONVERSION = YES;
				GCC_WARN_ABOUT_RETURN_TYPE = YES_ERROR;
				GCC_WARN_UNDECLARED_SELECTOR = YES;
				GCC_WARN_UNINITIALIZED_AUTOS = YES_AGGRESSIVE;
				GCC_WARN_UNUSED_FUNCTION = YES;
				GCC_WARN_UNUSED_VARIABLE = YES;
				IPHONEOS_DEPLOYMENT_TARGET = 16.4;
				MTL_ENABLE_DEBUG_INFO = NO;
				MTL_FAST_MATH = YES;
				SDKROOT = iphoneos;
				SWIFT_COMPILATION_MODE = wholemodule;
				SWIFT_OPTIMIZATION_LEVEL = "-O";
				VALIDATE_PRODUCT = YES;
			};
			name = Release;
		};
		FD1D90AA2B4590E400B6F034 /* Debug */ = {
			isa = XCBuildConfiguration;
			buildSettings = {
				ASSETCATALOG_COMPILER_APPICON_NAME = AppIcon;
				ASSETCATALOG_COMPILER_GLOBAL_ACCENT_COLOR_NAME = AccentColor;
				CODE_SIGN_STYLE = Automatic;
				CURRENT_PROJECT_VERSION = 1;
				GENERATE_INFOPLIST_FILE = YES;
				INFOPLIST_FILE = AppleClockProject/Info.plist;
				INFOPLIST_KEY_UIApplicationSupportsIndirectInputEvents = YES;
				INFOPLIST_KEY_UILaunchStoryboardName = LaunchScreen;
				INFOPLIST_KEY_UIMainStoryboardFile = Main;
				INFOPLIST_KEY_UIStatusBarStyle = UIStatusBarStyleLightContent;
				INFOPLIST_KEY_UISupportedInterfaceOrientations_iPad = "UIInterfaceOrientationPortrait UIInterfaceOrientationPortraitUpsideDown UIInterfaceOrientationLandscapeLeft UIInterfaceOrientationLandscapeRight";
				INFOPLIST_KEY_UISupportedInterfaceOrientations_iPhone = "UIInterfaceOrientationPortrait UIInterfaceOrientationLandscapeLeft UIInterfaceOrientationLandscapeRight";
				INFOPLIST_KEY_UIUserInterfaceStyle = Dark;
				IPHONEOS_DEPLOYMENT_TARGET = 15.0;
				LD_RUNPATH_SEARCH_PATHS = (
					"$(inherited)",
					"@executable_path/Frameworks",
				);
				MARKETING_VERSION = 1.0;
				PRODUCT_BUNDLE_IDENTIFIER = alpaka.AppleClockProject;
				PRODUCT_NAME = "$(TARGET_NAME)";
				SWIFT_EMIT_LOC_STRINGS = YES;
				SWIFT_VERSION = 5.0;
				TARGETED_DEVICE_FAMILY = "1,2";
			};
			name = Debug;
		};
		FD1D90AB2B4590E400B6F034 /* Release */ = {
			isa = XCBuildConfiguration;
			buildSettings = {
				ASSETCATALOG_COMPILER_APPICON_NAME = AppIcon;
				ASSETCATALOG_COMPILER_GLOBAL_ACCENT_COLOR_NAME = AccentColor;
				CODE_SIGN_STYLE = Automatic;
				CURRENT_PROJECT_VERSION = 1;
				GENERATE_INFOPLIST_FILE = YES;
				INFOPLIST_FILE = AppleClockProject/Info.plist;
				INFOPLIST_KEY_UIApplicationSupportsIndirectInputEvents = YES;
				INFOPLIST_KEY_UILaunchStoryboardName = LaunchScreen;
				INFOPLIST_KEY_UIMainStoryboardFile = Main;
				INFOPLIST_KEY_UIStatusBarStyle = UIStatusBarStyleLightContent;
				INFOPLIST_KEY_UISupportedInterfaceOrientations_iPad = "UIInterfaceOrientationPortrait UIInterfaceOrientationPortraitUpsideDown UIInterfaceOrientationLandscapeLeft UIInterfaceOrientationLandscapeRight";
				INFOPLIST_KEY_UISupportedInterfaceOrientations_iPhone = "UIInterfaceOrientationPortrait UIInterfaceOrientationLandscapeLeft UIInterfaceOrientationLandscapeRight";
				INFOPLIST_KEY_UIUserInterfaceStyle = Dark;
				IPHONEOS_DEPLOYMENT_TARGET = 15.0;
				LD_RUNPATH_SEARCH_PATHS = (
					"$(inherited)",
					"@executable_path/Frameworks",
				);
				MARKETING_VERSION = 1.0;
				PRODUCT_BUNDLE_IDENTIFIER = alpaka.AppleClockProject;
				PRODUCT_NAME = "$(TARGET_NAME)";
				SWIFT_EMIT_LOC_STRINGS = YES;
				SWIFT_VERSION = 5.0;
				TARGETED_DEVICE_FAMILY = "1,2";
			};
			name = Release;
		};
		FD1D90AD2B4590E400B6F034 /* Debug */ = {
			isa = XCBuildConfiguration;
			buildSettings = {
				ALWAYS_EMBED_SWIFT_STANDARD_LIBRARIES = YES;
				BUNDLE_LOADER = "$(TEST_HOST)";
				CODE_SIGN_STYLE = Automatic;
				CURRENT_PROJECT_VERSION = 1;
				GENERATE_INFOPLIST_FILE = YES;
				IPHONEOS_DEPLOYMENT_TARGET = 16.4;
				MARKETING_VERSION = 1.0;
				PRODUCT_BUNDLE_IDENTIFIER = alpaka.AppleClockProjectTests;
				PRODUCT_NAME = "$(TARGET_NAME)";
				SWIFT_EMIT_LOC_STRINGS = NO;
				SWIFT_VERSION = 5.0;
				TARGETED_DEVICE_FAMILY = "1,2";
				TEST_HOST = "$(BUILT_PRODUCTS_DIR)/AppleClockProject.app/$(BUNDLE_EXECUTABLE_FOLDER_PATH)/AppleClockProject";
			};
			name = Debug;
		};
		FD1D90AE2B4590E400B6F034 /* Release */ = {
			isa = XCBuildConfiguration;
			buildSettings = {
				ALWAYS_EMBED_SWIFT_STANDARD_LIBRARIES = YES;
				BUNDLE_LOADER = "$(TEST_HOST)";
				CODE_SIGN_STYLE = Automatic;
				CURRENT_PROJECT_VERSION = 1;
				GENERATE_INFOPLIST_FILE = YES;
				IPHONEOS_DEPLOYMENT_TARGET = 16.4;
				MARKETING_VERSION = 1.0;
				PRODUCT_BUNDLE_IDENTIFIER = alpaka.AppleClockProjectTests;
				PRODUCT_NAME = "$(TARGET_NAME)";
				SWIFT_EMIT_LOC_STRINGS = NO;
				SWIFT_VERSION = 5.0;
				TARGETED_DEVICE_FAMILY = "1,2";
				TEST_HOST = "$(BUILT_PRODUCTS_DIR)/AppleClockProject.app/$(BUNDLE_EXECUTABLE_FOLDER_PATH)/AppleClockProject";
			};
			name = Release;
		};
		FD1D90B02B4590E400B6F034 /* Debug */ = {
			isa = XCBuildConfiguration;
			buildSettings = {
				ALWAYS_EMBED_SWIFT_STANDARD_LIBRARIES = YES;
				CODE_SIGN_STYLE = Automatic;
				CURRENT_PROJECT_VERSION = 1;
				GENERATE_INFOPLIST_FILE = YES;
				MARKETING_VERSION = 1.0;
				PRODUCT_BUNDLE_IDENTIFIER = alpaka.AppleClockProjectUITests;
				PRODUCT_NAME = "$(TARGET_NAME)";
				SWIFT_EMIT_LOC_STRINGS = NO;
				SWIFT_VERSION = 5.0;
				TARGETED_DEVICE_FAMILY = "1,2";
				TEST_TARGET_NAME = AppleClockProject;
			};
			name = Debug;
		};
		FD1D90B12B4590E400B6F034 /* Release */ = {
			isa = XCBuildConfiguration;
			buildSettings = {
				ALWAYS_EMBED_SWIFT_STANDARD_LIBRARIES = YES;
				CODE_SIGN_STYLE = Automatic;
				CURRENT_PROJECT_VERSION = 1;
				GENERATE_INFOPLIST_FILE = YES;
				MARKETING_VERSION = 1.0;
				PRODUCT_BUNDLE_IDENTIFIER = alpaka.AppleClockProjectUITests;
				PRODUCT_NAME = "$(TARGET_NAME)";
				SWIFT_EMIT_LOC_STRINGS = NO;
				SWIFT_VERSION = 5.0;
				TARGETED_DEVICE_FAMILY = "1,2";
				TEST_TARGET_NAME = AppleClockProject;
			};
			name = Release;
		};
/* End XCBuildConfiguration section */

/* Begin XCConfigurationList section */
		FD1D907A2B4590E200B6F034 /* Build configuration list for PBXProject "AppleClockProject" */ = {
			isa = XCConfigurationList;
			buildConfigurations = (
				FD1D90A72B4590E400B6F034 /* Debug */,
				FD1D90A82B4590E400B6F034 /* Release */,
			);
			defaultConfigurationIsVisible = 0;
			defaultConfigurationName = Release;
		};
		FD1D90A92B4590E400B6F034 /* Build configuration list for PBXNativeTarget "AppleClockProject" */ = {
			isa = XCConfigurationList;
			buildConfigurations = (
				FD1D90AA2B4590E400B6F034 /* Debug */,
				FD1D90AB2B4590E400B6F034 /* Release */,
			);
			defaultConfigurationIsVisible = 0;
			defaultConfigurationName = Release;
		};
		FD1D90AC2B4590E400B6F034 /* Build configuration list for PBXNativeTarget "AppleClockProjectTests" */ = {
			isa = XCConfigurationList;
			buildConfigurations = (
				FD1D90AD2B4590E400B6F034 /* Debug */,
				FD1D90AE2B4590E400B6F034 /* Release */,
			);
			defaultConfigurationIsVisible = 0;
			defaultConfigurationName = Release;
		};
		FD1D90AF2B4590E400B6F034 /* Build configuration list for PBXNativeTarget "AppleClockProjectUITests" */ = {
			isa = XCConfigurationList;
			buildConfigurations = (
				FD1D90B02B4590E400B6F034 /* Debug */,
				FD1D90B12B4590E400B6F034 /* Release */,
			);
			defaultConfigurationIsVisible = 0;
			defaultConfigurationName = Release;
		};
/* End XCConfigurationList section */
	};
	rootObject = FD1D90772B4590E200B6F034 /* Project object */;
}
